// !$*UTF8*$!
{
	archiveVersion = 1;
	classes = {
	};
	objectVersion = 46;
	objects = {

/* Begin PBXBuildFile section */
		D7068087149660A2005A6791 /* NWIOBase64Demo.m in Sources */ = {isa = PBXBuildFile; fileRef = D7068086149660A2005A6791 /* NWIOBase64Demo.m */; };
		D71A4F301476E4D6004B3AB3 /* NWIODeflateTest.m in Sources */ = {isa = PBXBuildFile; fileRef = D7343A0614746C390092A23A /* NWIODeflateTest.m */; };
		D71A4F311476ECE3004B3AB3 /* NWIOConstantTest.m in Sources */ = {isa = PBXBuildFile; fileRef = D73439FF14746C390092A23A /* NWIOConstantTest.m */; };
		D72C688B1496804000B79107 /* NWIOTestTools.m in Sources */ = {isa = PBXBuildFile; fileRef = D71A4F2D1476E231004B3AB3 /* NWIOTestTools.m */; };
		D73439B114746C2F0092A23A /* NWIOCaseFlipperDemo.m in Sources */ = {isa = PBXBuildFile; fileRef = D734394414746C2F0092A23A /* NWIOCaseFlipperDemo.m */; };
		D73439B214746C2F0092A23A /* NWIOConsoleDemo.m in Sources */ = {isa = PBXBuildFile; fileRef = D734394614746C2F0092A23A /* NWIOConsoleDemo.m */; };
		D73439B314746C2F0092A23A /* NWIOCounterDemo.m in Sources */ = {isa = PBXBuildFile; fileRef = D734394814746C2F0092A23A /* NWIOCounterDemo.m */; };
		D73439B414746C2F0092A23A /* NWIOCryptoDemo.m in Sources */ = {isa = PBXBuildFile; fileRef = D734394A14746C2F0092A23A /* NWIOCryptoDemo.m */; };
		D73439B514746C2F0092A23A /* NWIODeflateDemo.m in Sources */ = {isa = PBXBuildFile; fileRef = D734394C14746C2F0092A23A /* NWIODeflateDemo.m */; };
		D73439B614746C2F0092A23A /* NWIODigestDemo.m in Sources */ = {isa = PBXBuildFile; fileRef = D734394E14746C2F0092A23A /* NWIODigestDemo.m */; };
		D73439B714746C2F0092A23A /* NWIOEmptyDemo.m in Sources */ = {isa = PBXBuildFile; fileRef = D734395014746C2F0092A23A /* NWIOEmptyDemo.m */; };
		D73439B814746C2F0092A23A /* NWIOHcodeDemo.m in Sources */ = {isa = PBXBuildFile; fileRef = D734395214746C2F0092A23A /* NWIOHcodeDemo.m */; };
		D73439B914746C2F0092A23A /* NWIOLogDemo.m in Sources */ = {isa = PBXBuildFile; fileRef = D734395414746C2F0092A23A /* NWIOLogDemo.m */; };
		D73439BA14746C2F0092A23A /* NWIOMultipartDemo.m in Sources */ = {isa = PBXBuildFile; fileRef = D734395614746C2F0092A23A /* NWIOMultipartDemo.m */; };
		D73439BB14746C2F0092A23A /* NWIORandomDemo.m in Sources */ = {isa = PBXBuildFile; fileRef = D734395814746C2F0092A23A /* NWIORandomDemo.m */; };
		D73439BC14746C2F0092A23A /* NWIOZcodeDemo.m in Sources */ = {isa = PBXBuildFile; fileRef = D734395A14746C2F0092A23A /* NWIOZcodeDemo.m */; };
		D73439BD14746C2F0092A23A /* main.m in Sources */ = {isa = PBXBuildFile; fileRef = D734395B14746C2F0092A23A /* main.m */; };
		D73439BE14746C2F0092A23A /* NWIOAppDelegate.m in Sources */ = {isa = PBXBuildFile; fileRef = D734395D14746C2F0092A23A /* NWIOAppDelegate.m */; };
		D73439C014746C2F0092A23A /* NWIOConsole.m in Sources */ = {isa = PBXBuildFile; fileRef = D734396114746C2F0092A23A /* NWIOConsole.m */; };
		D73439C114746C2F0092A23A /* NWIODemo.m in Sources */ = {isa = PBXBuildFile; fileRef = D734396314746C2F0092A23A /* NWIODemo.m */; };
		D73439C214746C2F0092A23A /* NWIODemoViewController.m in Sources */ = {isa = PBXBuildFile; fileRef = D734396514746C2F0092A23A /* NWIODemoViewController.m */; };
		D73439C314746C2F0092A23A /* NWIODemoViewController.xib in Resources */ = {isa = PBXBuildFile; fileRef = D734396614746C2F0092A23A /* NWIODemoViewController.xib */; };
		D73439C414746C2F0092A23A /* NWIOMenuViewController.m in Sources */ = {isa = PBXBuildFile; fileRef = D734396814746C2F0092A23A /* NWIOMenuViewController.m */; };
		D73439C514746C2F0092A23A /* NWIOMenuViewController.xib in Resources */ = {isa = PBXBuildFile; fileRef = D734396914746C2F0092A23A /* NWIOMenuViewController.xib */; };
		D73439C614746C2F0092A23A /* NWIOAccess.m in Sources */ = {isa = PBXBuildFile; fileRef = D734396D14746C2F0092A23A /* NWIOAccess.m */; };
		D73439C714746C2F0092A23A /* NWIOBase.m in Sources */ = {isa = PBXBuildFile; fileRef = D734396F14746C2F0092A23A /* NWIOBase.m */; };
		D73439C814746C2F0092A23A /* NWIOExtract.m in Sources */ = {isa = PBXBuildFile; fileRef = D734397114746C2F0092A23A /* NWIOExtract.m */; };
		D73439C914746C2F0092A23A /* NWIOFilter.m in Sources */ = {isa = PBXBuildFile; fileRef = D734397314746C2F0092A23A /* NWIOFilter.m */; };
		D73439CA14746C2F0092A23A /* NWIOStream.m in Sources */ = {isa = PBXBuildFile; fileRef = D734397514746C2F0092A23A /* NWIOStream.m */; };
		D73439CB14746C2F0092A23A /* NWIOTransform.m in Sources */ = {isa = PBXBuildFile; fileRef = D734397714746C2F0092A23A /* NWIOTransform.m */; };
		D73439CD14746C2F0092A23A /* NWIOCounter.m in Sources */ = {isa = PBXBuildFile; fileRef = D734397D14746C2F0092A23A /* NWIOCounter.m */; };
		D73439CE14746C2F0092A23A /* NWIODigest.m in Sources */ = {isa = PBXBuildFile; fileRef = D734397F14746C2F0092A23A /* NWIODigest.m */; };
		D73439CF14746C2F0092A23A /* NWIOChain.m in Sources */ = {isa = PBXBuildFile; fileRef = D734398214746C2F0092A23A /* NWIOChain.m */; };
		D73439D014746C2F0092A23A /* NWIOConnectionDelegate.m in Sources */ = {isa = PBXBuildFile; fileRef = D734398414746C2F0092A23A /* NWIOConnectionDelegate.m */; };
		D73439D114746C2F0092A23A /* NWIODropper.m in Sources */ = {isa = PBXBuildFile; fileRef = D734398614746C2F0092A23A /* NWIODropper.m */; };
		D73439D214746C2F0092A23A /* NWIOIdentity.m in Sources */ = {isa = PBXBuildFile; fileRef = D734398814746C2F0092A23A /* NWIOIdentity.m */; };
		D73439D314746C2F0092A23A /* NWIOLog.m in Sources */ = {isa = PBXBuildFile; fileRef = D734398A14746C2F0092A23A /* NWIOLog.m */; };
		D73439D414746C2F0092A23A /* NWIOMultipart.m in Sources */ = {isa = PBXBuildFile; fileRef = D734398C14746C2F0092A23A /* NWIOMultipart.m */; };
		D73439D514746C2F0092A23A /* NWIOProgress.m in Sources */ = {isa = PBXBuildFile; fileRef = D734398E14746C2F0092A23A /* NWIOProgress.m */; };
		D73439D614746C2F0092A23A /* NWIOStat.m in Sources */ = {isa = PBXBuildFile; fileRef = D734399014746C2F0092A23A /* NWIOStat.m */; };
		D73439D714746C2F0092A23A /* NWIOCGData.m in Sources */ = {isa = PBXBuildFile; fileRef = D734399414746C2F0092A23A /* NWIOCGData.m */; };
		D73439D814746C2F0092A23A /* NWIOConstant.m in Sources */ = {isa = PBXBuildFile; fileRef = D734399614746C2F0092A23A /* NWIOConstant.m */; };
		D73439D914746C2F0092A23A /* NWIOData.m in Sources */ = {isa = PBXBuildFile; fileRef = D734399814746C2F0092A23A /* NWIOData.m */; };
		D73439DA14746C2F0092A23A /* NWIONSStream.m in Sources */ = {isa = PBXBuildFile; fileRef = D734399A14746C2F0092A23A /* NWIONSStream.m */; };
		D73439DB14746C2F0092A23A /* NWIORandom.m in Sources */ = {isa = PBXBuildFile; fileRef = D734399C14746C2F0092A23A /* NWIORandom.m */; };
		D73439DC14746C2F0092A23A /* NWIOStitch.m in Sources */ = {isa = PBXBuildFile; fileRef = D734399E14746C2F0092A23A /* NWIOStitch.m */; };
		D73439DD14746C2F0092A23A /* NWIOString.m in Sources */ = {isa = PBXBuildFile; fileRef = D73439A014746C2F0092A23A /* NWIOString.m */; };
		D73439DE14746C2F0092A23A /* NWIOConvenience.m in Sources */ = {isa = PBXBuildFile; fileRef = D73439A314746C2F0092A23A /* NWIOConvenience.m */; };
		D73439DF14746C2F0092A23A /* NWIODrain.m in Sources */ = {isa = PBXBuildFile; fileRef = D73439A514746C2F0092A23A /* NWIODrain.m */; };
		D73439E014746C2F0092A23A /* NWIOCaseFlipper.m in Sources */ = {isa = PBXBuildFile; fileRef = D73439A814746C2F0092A23A /* NWIOCaseFlipper.m */; };
		D73439E114746C2F0092A23A /* NWIOCrypto.m in Sources */ = {isa = PBXBuildFile; fileRef = D73439AA14746C2F0092A23A /* NWIOCrypto.m */; };
		D73439E214746C2F0092A23A /* NWIODeflate.m in Sources */ = {isa = PBXBuildFile; fileRef = D73439AC14746C2F0092A23A /* NWIODeflate.m */; };
		D73439E314746C2F0092A23A /* NWIOHcode.m in Sources */ = {isa = PBXBuildFile; fileRef = D73439AE14746C2F0092A23A /* NWIOHcode.m */; };
		D73439E414746C2F0092A23A /* NWIOZcode.m in Sources */ = {isa = PBXBuildFile; fileRef = D73439B014746C2F0092A23A /* NWIOZcode.m */; };
		D7343A0D14746C390092A23A /* NWIOBidirectionalTest.m in Sources */ = {isa = PBXBuildFile; fileRef = D73439E814746C390092A23A /* NWIOBidirectionalTest.m */; };
		D7343A0E14746C390092A23A /* NWIOIdentityTest.m in Sources */ = {isa = PBXBuildFile; fileRef = D73439EA14746C390092A23A /* NWIOIdentityTest.m */; };
		D7343A0F14746C390092A23A /* NWIOTestData.m in Sources */ = {isa = PBXBuildFile; fileRef = D73439EC14746C390092A23A /* NWIOTestData.m */; };
		D7343A1114746C390092A23A /* test.pdf in Resources */ = {isa = PBXBuildFile; fileRef = D73439EF14746C390092A23A /* test.pdf */; };
		D7343A1214746C390092A23A /* test.pdf.crypto in Resources */ = {isa = PBXBuildFile; fileRef = D73439F014746C390092A23A /* test.pdf.crypto */; };
		D7343A1314746C390092A23A /* test.pdf.deflate in Resources */ = {isa = PBXBuildFile; fileRef = D73439F114746C390092A23A /* test.pdf.deflate */; };
		D7343A1414746C390092A23A /* NWIOCounterTest.m in Sources */ = {isa = PBXBuildFile; fileRef = D73439F514746C390092A23A /* NWIOCounterTest.m */; };
		D7343A1514746C390092A23A /* NWIODigestTest.m in Sources */ = {isa = PBXBuildFile; fileRef = D73439F714746C390092A23A /* NWIODigestTest.m */; };
		D7343A1614746C390092A23A /* NWIODropperTest.m in Sources */ = {isa = PBXBuildFile; fileRef = D73439FA14746C390092A23A /* NWIODropperTest.m */; };
		D7343A1714746C390092A23A /* NWIOCGDataTest.m in Sources */ = {isa = PBXBuildFile; fileRef = D73439FD14746C390092A23A /* NWIOCGDataTest.m */; };
		D7343A1914746C390092A23A /* NWIOStitchTest.m in Sources */ = {isa = PBXBuildFile; fileRef = D7343A0114746C390092A23A /* NWIOStitchTest.m */; };
		D7343A1A14746C390092A23A /* NWIOCaseFlipperTest.m in Sources */ = {isa = PBXBuildFile; fileRef = D7343A0414746C390092A23A /* NWIOCaseFlipperTest.m */; };
		D7343A1C14746C390092A23A /* NWIOHcodeTest.m in Sources */ = {isa = PBXBuildFile; fileRef = D7343A0814746C390092A23A /* NWIOHcodeTest.m */; };
		D7343A1D14746C390092A23A /* NWIOTransformTesting.m in Sources */ = {isa = PBXBuildFile; fileRef = D7343A0A14746C390092A23A /* NWIOTransformTesting.m */; };
		D7343A1E14746C390092A23A /* NWIOZcodeTest.m in Sources */ = {isa = PBXBuildFile; fileRef = D7343A0C14746C390092A23A /* NWIOZcodeTest.m */; };
		D75A3BCE1472B95B00DA0DF9 /* UIKit.framework in Frameworks */ = {isa = PBXBuildFile; fileRef = D75A3BCD1472B95B00DA0DF9 /* UIKit.framework */; };
		D75A3BD01472B95B00DA0DF9 /* Foundation.framework in Frameworks */ = {isa = PBXBuildFile; fileRef = D75A3BCF1472B95B00DA0DF9 /* Foundation.framework */; };
		D75A3BD21472B95B00DA0DF9 /* CoreGraphics.framework in Frameworks */ = {isa = PBXBuildFile; fileRef = D75A3BD11472B95B00DA0DF9 /* CoreGraphics.framework */; };
		D75A3BEF1472B95B00DA0DF9 /* SenTestingKit.framework in Frameworks */ = {isa = PBXBuildFile; fileRef = D75A3BEE1472B95B00DA0DF9 /* SenTestingKit.framework */; };
		D75A3BF01472B95B00DA0DF9 /* UIKit.framework in Frameworks */ = {isa = PBXBuildFile; fileRef = D75A3BCD1472B95B00DA0DF9 /* UIKit.framework */; };
		D75A3BF11472B95B00DA0DF9 /* Foundation.framework in Frameworks */ = {isa = PBXBuildFile; fileRef = D75A3BCF1472B95B00DA0DF9 /* Foundation.framework */; };
		D799A3C01472BAE00036DB1F /* libz.dylib in Frameworks */ = {isa = PBXBuildFile; fileRef = D799A3BF1472BAE00036DB1F /* libz.dylib */; };
		D799A3C11472BBD60036DB1F /* CoreGraphics.framework in Frameworks */ = {isa = PBXBuildFile; fileRef = D75A3BD11472B95B00DA0DF9 /* CoreGraphics.framework */; };
		D7D5C5FB14975B4E00E0028F /* NWIOBase64Test.m in Sources */ = {isa = PBXBuildFile; fileRef = D706808A1496637A005A6791 /* NWIOBase64Test.m */; };
		D7FD4224148BDE4C00838259 /* NWIOBase64.m in Sources */ = {isa = PBXBuildFile; fileRef = D7FD4223148BDE4C00838259 /* NWIOBase64.m */; };
/* End PBXBuildFile section */

/* Begin PBXContainerItemProxy section */
		D75A3BF21472B95B00DA0DF9 /* PBXContainerItemProxy */ = {
			isa = PBXContainerItemProxy;
			containerPortal = D75A3BC01472B95B00DA0DF9 /* Project object */;
			proxyType = 1;
			remoteGlobalIDString = D75A3BC81472B95B00DA0DF9;
			remoteInfo = NWIO;
		};
/* End PBXContainerItemProxy section */

/* Begin PBXFileReference section */
		D7068085149660A2005A6791 /* NWIOBase64Demo.h */ = {isa = PBXFileReference; fileEncoding = 4; lastKnownFileType = sourcecode.c.h; path = NWIOBase64Demo.h; sourceTree = "<group>"; };
		D7068086149660A2005A6791 /* NWIOBase64Demo.m */ = {isa = PBXFileReference; fileEncoding = 4; lastKnownFileType = sourcecode.c.objc; path = NWIOBase64Demo.m; sourceTree = "<group>"; };
		D70680891496637A005A6791 /* NWIOBase64Test.h */ = {isa = PBXFileReference; fileEncoding = 4; lastKnownFileType = sourcecode.c.h; path = NWIOBase64Test.h; sourceTree = "<group>"; };
		D706808A1496637A005A6791 /* NWIOBase64Test.m */ = {isa = PBXFileReference; fileEncoding = 4; lastKnownFileType = sourcecode.c.objc; path = NWIOBase64Test.m; sourceTree = "<group>"; };
		D71A4F2C1476E231004B3AB3 /* NWIOTestTools.h */ = {isa = PBXFileReference; fileEncoding = 4; lastKnownFileType = sourcecode.c.h; path = NWIOTestTools.h; sourceTree = "<group>"; };
		D71A4F2D1476E231004B3AB3 /* NWIOTestTools.m */ = {isa = PBXFileReference; fileEncoding = 4; lastKnownFileType = sourcecode.c.objc; path = NWIOTestTools.m; sourceTree = "<group>"; };
		D734394314746C2F0092A23A /* NWIOCaseFlipperDemo.h */ = {isa = PBXFileReference; fileEncoding = 4; lastKnownFileType = sourcecode.c.h; path = NWIOCaseFlipperDemo.h; sourceTree = "<group>"; };
		D734394414746C2F0092A23A /* NWIOCaseFlipperDemo.m */ = {isa = PBXFileReference; fileEncoding = 4; lastKnownFileType = sourcecode.c.objc; path = NWIOCaseFlipperDemo.m; sourceTree = "<group>"; };
		D734394514746C2F0092A23A /* NWIOConsoleDemo.h */ = {isa = PBXFileReference; fileEncoding = 4; lastKnownFileType = sourcecode.c.h; path = NWIOConsoleDemo.h; sourceTree = "<group>"; };
		D734394614746C2F0092A23A /* NWIOConsoleDemo.m */ = {isa = PBXFileReference; fileEncoding = 4; lastKnownFileType = sourcecode.c.objc; path = NWIOConsoleDemo.m; sourceTree = "<group>"; };
		D734394714746C2F0092A23A /* NWIOCounterDemo.h */ = {isa = PBXFileReference; fileEncoding = 4; lastKnownFileType = sourcecode.c.h; path = NWIOCounterDemo.h; sourceTree = "<group>"; };
		D734394814746C2F0092A23A /* NWIOCounterDemo.m */ = {isa = PBXFileReference; fileEncoding = 4; lastKnownFileType = sourcecode.c.objc; path = NWIOCounterDemo.m; sourceTree = "<group>"; };
		D734394914746C2F0092A23A /* NWIOCryptoDemo.h */ = {isa = PBXFileReference; fileEncoding = 4; lastKnownFileType = sourcecode.c.h; path = NWIOCryptoDemo.h; sourceTree = "<group>"; };
		D734394A14746C2F0092A23A /* NWIOCryptoDemo.m */ = {isa = PBXFileReference; fileEncoding = 4; lastKnownFileType = sourcecode.c.objc; path = NWIOCryptoDemo.m; sourceTree = "<group>"; };
		D734394B14746C2F0092A23A /* NWIODeflateDemo.h */ = {isa = PBXFileReference; fileEncoding = 4; lastKnownFileType = sourcecode.c.h; path = NWIODeflateDemo.h; sourceTree = "<group>"; };
		D734394C14746C2F0092A23A /* NWIODeflateDemo.m */ = {isa = PBXFileReference; fileEncoding = 4; lastKnownFileType = sourcecode.c.objc; path = NWIODeflateDemo.m; sourceTree = "<group>"; };
		D734394D14746C2F0092A23A /* NWIODigestDemo.h */ = {isa = PBXFileReference; fileEncoding = 4; lastKnownFileType = sourcecode.c.h; path = NWIODigestDemo.h; sourceTree = "<group>"; };
		D734394E14746C2F0092A23A /* NWIODigestDemo.m */ = {isa = PBXFileReference; fileEncoding = 4; lastKnownFileType = sourcecode.c.objc; path = NWIODigestDemo.m; sourceTree = "<group>"; };
		D734394F14746C2F0092A23A /* NWIOEmptyDemo.h */ = {isa = PBXFileReference; fileEncoding = 4; lastKnownFileType = sourcecode.c.h; path = NWIOEmptyDemo.h; sourceTree = "<group>"; };
		D734395014746C2F0092A23A /* NWIOEmptyDemo.m */ = {isa = PBXFileReference; fileEncoding = 4; lastKnownFileType = sourcecode.c.objc; path = NWIOEmptyDemo.m; sourceTree = "<group>"; };
		D734395114746C2F0092A23A /* NWIOHcodeDemo.h */ = {isa = PBXFileReference; fileEncoding = 4; lastKnownFileType = sourcecode.c.h; path = NWIOHcodeDemo.h; sourceTree = "<group>"; };
		D734395214746C2F0092A23A /* NWIOHcodeDemo.m */ = {isa = PBXFileReference; fileEncoding = 4; lastKnownFileType = sourcecode.c.objc; path = NWIOHcodeDemo.m; sourceTree = "<group>"; };
		D734395314746C2F0092A23A /* NWIOLogDemo.h */ = {isa = PBXFileReference; fileEncoding = 4; lastKnownFileType = sourcecode.c.h; path = NWIOLogDemo.h; sourceTree = "<group>"; };
		D734395414746C2F0092A23A /* NWIOLogDemo.m */ = {isa = PBXFileReference; fileEncoding = 4; lastKnownFileType = sourcecode.c.objc; path = NWIOLogDemo.m; sourceTree = "<group>"; };
		D734395514746C2F0092A23A /* NWIOMultipartDemo.h */ = {isa = PBXFileReference; fileEncoding = 4; lastKnownFileType = sourcecode.c.h; path = NWIOMultipartDemo.h; sourceTree = "<group>"; };
		D734395614746C2F0092A23A /* NWIOMultipartDemo.m */ = {isa = PBXFileReference; fileEncoding = 4; lastKnownFileType = sourcecode.c.objc; path = NWIOMultipartDemo.m; sourceTree = "<group>"; };
		D734395714746C2F0092A23A /* NWIORandomDemo.h */ = {isa = PBXFileReference; fileEncoding = 4; lastKnownFileType = sourcecode.c.h; path = NWIORandomDemo.h; sourceTree = "<group>"; };
		D734395814746C2F0092A23A /* NWIORandomDemo.m */ = {isa = PBXFileReference; fileEncoding = 4; lastKnownFileType = sourcecode.c.objc; path = NWIORandomDemo.m; sourceTree = "<group>"; };
		D734395914746C2F0092A23A /* NWIOZcodeDemo.h */ = {isa = PBXFileReference; fileEncoding = 4; lastKnownFileType = sourcecode.c.h; path = NWIOZcodeDemo.h; sourceTree = "<group>"; };
		D734395A14746C2F0092A23A /* NWIOZcodeDemo.m */ = {isa = PBXFileReference; fileEncoding = 4; lastKnownFileType = sourcecode.c.objc; path = NWIOZcodeDemo.m; sourceTree = "<group>"; };
		D734395B14746C2F0092A23A /* main.m */ = {isa = PBXFileReference; fileEncoding = 4; lastKnownFileType = sourcecode.c.objc; path = main.m; sourceTree = "<group>"; };
		D734395C14746C2F0092A23A /* NWIOAppDelegate.h */ = {isa = PBXFileReference; fileEncoding = 4; lastKnownFileType = sourcecode.c.h; path = NWIOAppDelegate.h; sourceTree = "<group>"; };
		D734395D14746C2F0092A23A /* NWIOAppDelegate.m */ = {isa = PBXFileReference; fileEncoding = 4; lastKnownFileType = sourcecode.c.objc; path = NWIOAppDelegate.m; sourceTree = "<group>"; };
		D734395E14746C2F0092A23A /* NWIODemo-Info.plist */ = {isa = PBXFileReference; fileEncoding = 4; lastKnownFileType = text.plist.xml; path = "NWIODemo-Info.plist"; sourceTree = "<group>"; };
		D734396014746C2F0092A23A /* NWIOConsole.h */ = {isa = PBXFileReference; fileEncoding = 4; lastKnownFileType = sourcecode.c.h; path = NWIOConsole.h; sourceTree = "<group>"; };
		D734396114746C2F0092A23A /* NWIOConsole.m */ = {isa = PBXFileReference; fileEncoding = 4; lastKnownFileType = sourcecode.c.objc; path = NWIOConsole.m; sourceTree = "<group>"; };
		D734396214746C2F0092A23A /* NWIODemo.h */ = {isa = PBXFileReference; fileEncoding = 4; lastKnownFileType = sourcecode.c.h; path = NWIODemo.h; sourceTree = "<group>"; };
		D734396314746C2F0092A23A /* NWIODemo.m */ = {isa = PBXFileReference; fileEncoding = 4; lastKnownFileType = sourcecode.c.objc; path = NWIODemo.m; sourceTree = "<group>"; };
		D734396414746C2F0092A23A /* NWIODemoViewController.h */ = {isa = PBXFileReference; fileEncoding = 4; lastKnownFileType = sourcecode.c.h; path = NWIODemoViewController.h; sourceTree = "<group>"; };
		D734396514746C2F0092A23A /* NWIODemoViewController.m */ = {isa = PBXFileReference; fileEncoding = 4; lastKnownFileType = sourcecode.c.objc; path = NWIODemoViewController.m; sourceTree = "<group>"; };
		D734396614746C2F0092A23A /* NWIODemoViewController.xib */ = {isa = PBXFileReference; fileEncoding = 4; lastKnownFileType = file.xib; path = NWIODemoViewController.xib; sourceTree = "<group>"; };
		D734396714746C2F0092A23A /* NWIOMenuViewController.h */ = {isa = PBXFileReference; fileEncoding = 4; lastKnownFileType = sourcecode.c.h; path = NWIOMenuViewController.h; sourceTree = "<group>"; };
		D734396814746C2F0092A23A /* NWIOMenuViewController.m */ = {isa = PBXFileReference; fileEncoding = 4; lastKnownFileType = sourcecode.c.objc; path = NWIOMenuViewController.m; sourceTree = "<group>"; };
		D734396914746C2F0092A23A /* NWIOMenuViewController.xib */ = {isa = PBXFileReference; fileEncoding = 4; lastKnownFileType = file.xib; path = NWIOMenuViewController.xib; sourceTree = "<group>"; };
		D734396C14746C2F0092A23A /* NWIOAccess.h */ = {isa = PBXFileReference; fileEncoding = 4; lastKnownFileType = sourcecode.c.h; path = NWIOAccess.h; sourceTree = "<group>"; };
		D734396D14746C2F0092A23A /* NWIOAccess.m */ = {isa = PBXFileReference; fileEncoding = 4; lastKnownFileType = sourcecode.c.objc; path = NWIOAccess.m; sourceTree = "<group>"; };
		D734396E14746C2F0092A23A /* NWIOBase.h */ = {isa = PBXFileReference; fileEncoding = 4; lastKnownFileType = sourcecode.c.h; path = NWIOBase.h; sourceTree = "<group>"; };
		D734396F14746C2F0092A23A /* NWIOBase.m */ = {isa = PBXFileReference; fileEncoding = 4; lastKnownFileType = sourcecode.c.objc; path = NWIOBase.m; sourceTree = "<group>"; };
		D734397014746C2F0092A23A /* NWIOExtract.h */ = {isa = PBXFileReference; fileEncoding = 4; lastKnownFileType = sourcecode.c.h; path = NWIOExtract.h; sourceTree = "<group>"; };
		D734397114746C2F0092A23A /* NWIOExtract.m */ = {isa = PBXFileReference; fileEncoding = 4; lastKnownFileType = sourcecode.c.objc; path = NWIOExtract.m; sourceTree = "<group>"; };
		D734397214746C2F0092A23A /* NWIOFilter.h */ = {isa = PBXFileReference; fileEncoding = 4; lastKnownFileType = sourcecode.c.h; path = NWIOFilter.h; sourceTree = "<group>"; };
		D734397314746C2F0092A23A /* NWIOFilter.m */ = {isa = PBXFileReference; fileEncoding = 4; lastKnownFileType = sourcecode.c.objc; path = NWIOFilter.m; sourceTree = "<group>"; };
		D734397414746C2F0092A23A /* NWIOStream.h */ = {isa = PBXFileReference; fileEncoding = 4; lastKnownFileType = sourcecode.c.h; path = NWIOStream.h; sourceTree = "<group>"; };
		D734397514746C2F0092A23A /* NWIOStream.m */ = {isa = PBXFileReference; fileEncoding = 4; lastKnownFileType = sourcecode.c.objc; path = NWIOStream.m; sourceTree = "<group>"; };
		D734397614746C2F0092A23A /* NWIOTransform.h */ = {isa = PBXFileReference; fileEncoding = 4; lastKnownFileType = sourcecode.c.h; path = NWIOTransform.h; sourceTree = "<group>"; };
		D734397714746C2F0092A23A /* NWIOTransform.m */ = {isa = PBXFileReference; fileEncoding = 4; lastKnownFileType = sourcecode.c.objc; path = NWIOTransform.m; sourceTree = "<group>"; };
		D734397914746C2F0092A23A /* NWIOBio.h */ = {isa = PBXFileReference; fileEncoding = 4; lastKnownFileType = sourcecode.c.h; path = NWIOBio.h; sourceTree = "<group>"; };
		D734397A14746C2F0092A23A /* NWIOBio.m */ = {isa = PBXFileReference; fileEncoding = 4; lastKnownFileType = sourcecode.c.objc; path = NWIOBio.m; sourceTree = "<group>"; };
		D734397C14746C2F0092A23A /* NWIOCounter.h */ = {isa = PBXFileReference; fileEncoding = 4; lastKnownFileType = sourcecode.c.h; path = NWIOCounter.h; sourceTree = "<group>"; };
		D734397D14746C2F0092A23A /* NWIOCounter.m */ = {isa = PBXFileReference; fileEncoding = 4; lastKnownFileType = sourcecode.c.objc; path = NWIOCounter.m; sourceTree = "<group>"; };
		D734397E14746C2F0092A23A /* NWIODigest.h */ = {isa = PBXFileReference; fileEncoding = 4; lastKnownFileType = sourcecode.c.h; path = NWIODigest.h; sourceTree = "<group>"; };
		D734397F14746C2F0092A23A /* NWIODigest.m */ = {isa = PBXFileReference; fileEncoding = 4; lastKnownFileType = sourcecode.c.objc; path = NWIODigest.m; sourceTree = "<group>"; };
		D734398114746C2F0092A23A /* NWIOChain.h */ = {isa = PBXFileReference; fileEncoding = 4; lastKnownFileType = sourcecode.c.h; path = NWIOChain.h; sourceTree = "<group>"; };
		D734398214746C2F0092A23A /* NWIOChain.m */ = {isa = PBXFileReference; fileEncoding = 4; lastKnownFileType = sourcecode.c.objc; path = NWIOChain.m; sourceTree = "<group>"; };
		D734398314746C2F0092A23A /* NWIOConnectionDelegate.h */ = {isa = PBXFileReference; fileEncoding = 4; lastKnownFileType = sourcecode.c.h; path = NWIOConnectionDelegate.h; sourceTree = "<group>"; };
		D734398414746C2F0092A23A /* NWIOConnectionDelegate.m */ = {isa = PBXFileReference; fileEncoding = 4; lastKnownFileType = sourcecode.c.objc; path = NWIOConnectionDelegate.m; sourceTree = "<group>"; };
		D734398514746C2F0092A23A /* NWIODropper.h */ = {isa = PBXFileReference; fileEncoding = 4; lastKnownFileType = sourcecode.c.h; path = NWIODropper.h; sourceTree = "<group>"; };
		D734398614746C2F0092A23A /* NWIODropper.m */ = {isa = PBXFileReference; fileEncoding = 4; lastKnownFileType = sourcecode.c.objc; path = NWIODropper.m; sourceTree = "<group>"; };
		D734398714746C2F0092A23A /* NWIOIdentity.h */ = {isa = PBXFileReference; fileEncoding = 4; lastKnownFileType = sourcecode.c.h; path = NWIOIdentity.h; sourceTree = "<group>"; };
		D734398814746C2F0092A23A /* NWIOIdentity.m */ = {isa = PBXFileReference; fileEncoding = 4; lastKnownFileType = sourcecode.c.objc; path = NWIOIdentity.m; sourceTree = "<group>"; };
		D734398914746C2F0092A23A /* NWIOLog.h */ = {isa = PBXFileReference; fileEncoding = 4; lastKnownFileType = sourcecode.c.h; path = NWIOLog.h; sourceTree = "<group>"; };
		D734398A14746C2F0092A23A /* NWIOLog.m */ = {isa = PBXFileReference; fileEncoding = 4; lastKnownFileType = sourcecode.c.objc; path = NWIOLog.m; sourceTree = "<group>"; };
		D734398B14746C2F0092A23A /* NWIOMultipart.h */ = {isa = PBXFileReference; fileEncoding = 4; lastKnownFileType = sourcecode.c.h; path = NWIOMultipart.h; sourceTree = "<group>"; };
		D734398C14746C2F0092A23A /* NWIOMultipart.m */ = {isa = PBXFileReference; fileEncoding = 4; lastKnownFileType = sourcecode.c.objc; path = NWIOMultipart.m; sourceTree = "<group>"; };
		D734398D14746C2F0092A23A /* NWIOProgress.h */ = {isa = PBXFileReference; fileEncoding = 4; lastKnownFileType = sourcecode.c.h; path = NWIOProgress.h; sourceTree = "<group>"; };
		D734398E14746C2F0092A23A /* NWIOProgress.m */ = {isa = PBXFileReference; fileEncoding = 4; lastKnownFileType = sourcecode.c.objc; path = NWIOProgress.m; sourceTree = "<group>"; };
		D734398F14746C2F0092A23A /* NWIOStat.h */ = {isa = PBXFileReference; fileEncoding = 4; lastKnownFileType = sourcecode.c.h; path = NWIOStat.h; sourceTree = "<group>"; };
		D734399014746C2F0092A23A /* NWIOStat.m */ = {isa = PBXFileReference; fileEncoding = 4; lastKnownFileType = sourcecode.c.objc; path = NWIOStat.m; sourceTree = "<group>"; };
		D734399114746C2F0092A23A /* NWIO.h */ = {isa = PBXFileReference; fileEncoding = 4; lastKnownFileType = sourcecode.c.h; path = NWIO.h; sourceTree = "<group>"; };
		D734399314746C2F0092A23A /* NWIOCGData.h */ = {isa = PBXFileReference; fileEncoding = 4; lastKnownFileType = sourcecode.c.h; path = NWIOCGData.h; sourceTree = "<group>"; };
		D734399414746C2F0092A23A /* NWIOCGData.m */ = {isa = PBXFileReference; fileEncoding = 4; lastKnownFileType = sourcecode.c.objc; path = NWIOCGData.m; sourceTree = "<group>"; };
		D734399514746C2F0092A23A /* NWIOConstant.h */ = {isa = PBXFileReference; fileEncoding = 4; lastKnownFileType = sourcecode.c.h; path = NWIOConstant.h; sourceTree = "<group>"; };
		D734399614746C2F0092A23A /* NWIOConstant.m */ = {isa = PBXFileReference; fileEncoding = 4; lastKnownFileType = sourcecode.c.objc; path = NWIOConstant.m; sourceTree = "<group>"; };
		D734399714746C2F0092A23A /* NWIOData.h */ = {isa = PBXFileReference; fileEncoding = 4; lastKnownFileType = sourcecode.c.h; path = NWIOData.h; sourceTree = "<group>"; };
		D734399814746C2F0092A23A /* NWIOData.m */ = {isa = PBXFileReference; fileEncoding = 4; lastKnownFileType = sourcecode.c.objc; path = NWIOData.m; sourceTree = "<group>"; };
		D734399914746C2F0092A23A /* NWIONSStream.h */ = {isa = PBXFileReference; fileEncoding = 4; lastKnownFileType = sourcecode.c.h; path = NWIONSStream.h; sourceTree = "<group>"; };
		D734399A14746C2F0092A23A /* NWIONSStream.m */ = {isa = PBXFileReference; fileEncoding = 4; lastKnownFileType = sourcecode.c.objc; path = NWIONSStream.m; sourceTree = "<group>"; };
		D734399B14746C2F0092A23A /* NWIORandom.h */ = {isa = PBXFileReference; fileEncoding = 4; lastKnownFileType = sourcecode.c.h; path = NWIORandom.h; sourceTree = "<group>"; };
		D734399C14746C2F0092A23A /* NWIORandom.m */ = {isa = PBXFileReference; fileEncoding = 4; lastKnownFileType = sourcecode.c.objc; path = NWIORandom.m; sourceTree = "<group>"; };
		D734399D14746C2F0092A23A /* NWIOStitch.h */ = {isa = PBXFileReference; fileEncoding = 4; lastKnownFileType = sourcecode.c.h; path = NWIOStitch.h; sourceTree = "<group>"; };
		D734399E14746C2F0092A23A /* NWIOStitch.m */ = {isa = PBXFileReference; fileEncoding = 4; lastKnownFileType = sourcecode.c.objc; path = NWIOStitch.m; sourceTree = "<group>"; };
		D734399F14746C2F0092A23A /* NWIOString.h */ = {isa = PBXFileReference; fileEncoding = 4; lastKnownFileType = sourcecode.c.h; path = NWIOString.h; sourceTree = "<group>"; };
		D73439A014746C2F0092A23A /* NWIOString.m */ = {isa = PBXFileReference; fileEncoding = 4; lastKnownFileType = sourcecode.c.objc; path = NWIOString.m; sourceTree = "<group>"; };
		D73439A214746C2F0092A23A /* NWIOConvenience.h */ = {isa = PBXFileReference; fileEncoding = 4; lastKnownFileType = sourcecode.c.h; path = NWIOConvenience.h; sourceTree = "<group>"; };
		D73439A314746C2F0092A23A /* NWIOConvenience.m */ = {isa = PBXFileReference; fileEncoding = 4; lastKnownFileType = sourcecode.c.objc; path = NWIOConvenience.m; sourceTree = "<group>"; };
		D73439A414746C2F0092A23A /* NWIODrain.h */ = {isa = PBXFileReference; fileEncoding = 4; lastKnownFileType = sourcecode.c.h; path = NWIODrain.h; sourceTree = "<group>"; };
		D73439A514746C2F0092A23A /* NWIODrain.m */ = {isa = PBXFileReference; fileEncoding = 4; lastKnownFileType = sourcecode.c.objc; path = NWIODrain.m; sourceTree = "<group>"; };
		D73439A714746C2F0092A23A /* NWIOCaseFlipper.h */ = {isa = PBXFileReference; fileEncoding = 4; lastKnownFileType = sourcecode.c.h; path = NWIOCaseFlipper.h; sourceTree = "<group>"; };
		D73439A814746C2F0092A23A /* NWIOCaseFlipper.m */ = {isa = PBXFileReference; fileEncoding = 4; lastKnownFileType = sourcecode.c.objc; path = NWIOCaseFlipper.m; sourceTree = "<group>"; };
		D73439A914746C2F0092A23A /* NWIOCrypto.h */ = {isa = PBXFileReference; fileEncoding = 4; lastKnownFileType = sourcecode.c.h; path = NWIOCrypto.h; sourceTree = "<group>"; };
		D73439AA14746C2F0092A23A /* NWIOCrypto.m */ = {isa = PBXFileReference; fileEncoding = 4; lastKnownFileType = sourcecode.c.objc; path = NWIOCrypto.m; sourceTree = "<group>"; };
		D73439AB14746C2F0092A23A /* NWIODeflate.h */ = {isa = PBXFileReference; fileEncoding = 4; lastKnownFileType = sourcecode.c.h; path = NWIODeflate.h; sourceTree = "<group>"; };
		D73439AC14746C2F0092A23A /* NWIODeflate.m */ = {isa = PBXFileReference; fileEncoding = 4; lastKnownFileType = sourcecode.c.objc; path = NWIODeflate.m; sourceTree = "<group>"; };
		D73439AD14746C2F0092A23A /* NWIOHcode.h */ = {isa = PBXFileReference; fileEncoding = 4; lastKnownFileType = sourcecode.c.h; path = NWIOHcode.h; sourceTree = "<group>"; };
		D73439AE14746C2F0092A23A /* NWIOHcode.m */ = {isa = PBXFileReference; fileEncoding = 4; lastKnownFileType = sourcecode.c.objc; path = NWIOHcode.m; sourceTree = "<group>"; };
		D73439AF14746C2F0092A23A /* NWIOZcode.h */ = {isa = PBXFileReference; fileEncoding = 4; lastKnownFileType = sourcecode.c.h; path = NWIOZcode.h; sourceTree = "<group>"; };
		D73439B014746C2F0092A23A /* NWIOZcode.m */ = {isa = PBXFileReference; fileEncoding = 4; lastKnownFileType = sourcecode.c.objc; path = NWIOZcode.m; sourceTree = "<group>"; };
		D73439E714746C390092A23A /* NWIOBidirectionalTest.h */ = {isa = PBXFileReference; fileEncoding = 4; lastKnownFileType = sourcecode.c.h; path = NWIOBidirectionalTest.h; sourceTree = "<group>"; };
		D73439E814746C390092A23A /* NWIOBidirectionalTest.m */ = {isa = PBXFileReference; fileEncoding = 4; lastKnownFileType = sourcecode.c.objc; path = NWIOBidirectionalTest.m; sourceTree = "<group>"; };
		D73439E914746C390092A23A /* NWIOIdentityTest.h */ = {isa = PBXFileReference; fileEncoding = 4; lastKnownFileType = sourcecode.c.h; path = NWIOIdentityTest.h; sourceTree = "<group>"; };
		D73439EA14746C390092A23A /* NWIOIdentityTest.m */ = {isa = PBXFileReference; fileEncoding = 4; lastKnownFileType = sourcecode.c.objc; path = NWIOIdentityTest.m; sourceTree = "<group>"; };
		D73439EB14746C390092A23A /* NWIOTestData.h */ = {isa = PBXFileReference; fileEncoding = 4; lastKnownFileType = sourcecode.c.h; path = NWIOTestData.h; sourceTree = "<group>"; };
		D73439EC14746C390092A23A /* NWIOTestData.m */ = {isa = PBXFileReference; fileEncoding = 4; lastKnownFileType = sourcecode.c.objc; path = NWIOTestData.m; sourceTree = "<group>"; };
		D73439ED14746C390092A23A /* NWIOTests-Info.plist */ = {isa = PBXFileReference; fileEncoding = 4; lastKnownFileType = text.plist.xml; path = "NWIOTests-Info.plist"; sourceTree = "<group>"; };
		D73439EF14746C390092A23A /* test.pdf */ = {isa = PBXFileReference; lastKnownFileType = image.pdf; path = test.pdf; sourceTree = "<group>"; };
		D73439F014746C390092A23A /* test.pdf.crypto */ = {isa = PBXFileReference; lastKnownFileType = file; path = test.pdf.crypto; sourceTree = "<group>"; };
		D73439F114746C390092A23A /* test.pdf.deflate */ = {isa = PBXFileReference; lastKnownFileType = file; path = test.pdf.deflate; sourceTree = "<group>"; };
		D73439F414746C390092A23A /* NWIOCounterTest.h */ = {isa = PBXFileReference; fileEncoding = 4; lastKnownFileType = sourcecode.c.h; path = NWIOCounterTest.h; sourceTree = "<group>"; };
		D73439F514746C390092A23A /* NWIOCounterTest.m */ = {isa = PBXFileReference; fileEncoding = 4; lastKnownFileType = sourcecode.c.objc; path = NWIOCounterTest.m; sourceTree = "<group>"; };
		D73439F614746C390092A23A /* NWIODigestTest.h */ = {isa = PBXFileReference; fileEncoding = 4; lastKnownFileType = sourcecode.c.h; path = NWIODigestTest.h; sourceTree = "<group>"; };
		D73439F714746C390092A23A /* NWIODigestTest.m */ = {isa = PBXFileReference; fileEncoding = 4; lastKnownFileType = sourcecode.c.objc; path = NWIODigestTest.m; sourceTree = "<group>"; };
		D73439F914746C390092A23A /* NWIODropperTest.h */ = {isa = PBXFileReference; fileEncoding = 4; lastKnownFileType = sourcecode.c.h; path = NWIODropperTest.h; sourceTree = "<group>"; };
		D73439FA14746C390092A23A /* NWIODropperTest.m */ = {isa = PBXFileReference; fileEncoding = 4; lastKnownFileType = sourcecode.c.objc; path = NWIODropperTest.m; sourceTree = "<group>"; };
		D73439FC14746C390092A23A /* NWIOCGDataTest.h */ = {isa = PBXFileReference; fileEncoding = 4; lastKnownFileType = sourcecode.c.h; path = NWIOCGDataTest.h; sourceTree = "<group>"; };
		D73439FD14746C390092A23A /* NWIOCGDataTest.m */ = {isa = PBXFileReference; fileEncoding = 4; lastKnownFileType = sourcecode.c.objc; path = NWIOCGDataTest.m; sourceTree = "<group>"; };
		D73439FE14746C390092A23A /* NWIOConstantTest.h */ = {isa = PBXFileReference; fileEncoding = 4; lastKnownFileType = sourcecode.c.h; path = NWIOConstantTest.h; sourceTree = "<group>"; };
		D73439FF14746C390092A23A /* NWIOConstantTest.m */ = {isa = PBXFileReference; fileEncoding = 4; lastKnownFileType = sourcecode.c.objc; path = NWIOConstantTest.m; sourceTree = "<group>"; };
		D7343A0014746C390092A23A /* NWIOStitchTest.h */ = {isa = PBXFileReference; fileEncoding = 4; lastKnownFileType = sourcecode.c.h; path = NWIOStitchTest.h; sourceTree = "<group>"; };
		D7343A0114746C390092A23A /* NWIOStitchTest.m */ = {isa = PBXFileReference; fileEncoding = 4; lastKnownFileType = sourcecode.c.objc; path = NWIOStitchTest.m; sourceTree = "<group>"; };
		D7343A0314746C390092A23A /* NWIOCaseFlipperTest.h */ = {isa = PBXFileReference; fileEncoding = 4; lastKnownFileType = sourcecode.c.h; path = NWIOCaseFlipperTest.h; sourceTree = "<group>"; };
		D7343A0414746C390092A23A /* NWIOCaseFlipperTest.m */ = {isa = PBXFileReference; fileEncoding = 4; lastKnownFileType = sourcecode.c.objc; path = NWIOCaseFlipperTest.m; sourceTree = "<group>"; };
		D7343A0514746C390092A23A /* NWIODeflateTest.h */ = {isa = PBXFileReference; fileEncoding = 4; lastKnownFileType = sourcecode.c.h; path = NWIODeflateTest.h; sourceTree = "<group>"; };
		D7343A0614746C390092A23A /* NWIODeflateTest.m */ = {isa = PBXFileReference; fileEncoding = 4; lastKnownFileType = sourcecode.c.objc; path = NWIODeflateTest.m; sourceTree = "<group>"; };
		D7343A0714746C390092A23A /* NWIOHcodeTest.h */ = {isa = PBXFileReference; fileEncoding = 4; lastKnownFileType = sourcecode.c.h; path = NWIOHcodeTest.h; sourceTree = "<group>"; };
		D7343A0814746C390092A23A /* NWIOHcodeTest.m */ = {isa = PBXFileReference; fileEncoding = 4; lastKnownFileType = sourcecode.c.objc; path = NWIOHcodeTest.m; sourceTree = "<group>"; };
		D7343A0914746C390092A23A /* NWIOTransformTesting.h */ = {isa = PBXFileReference; fileEncoding = 4; lastKnownFileType = sourcecode.c.h; path = NWIOTransformTesting.h; sourceTree = "<group>"; };
		D7343A0A14746C390092A23A /* NWIOTransformTesting.m */ = {isa = PBXFileReference; fileEncoding = 4; lastKnownFileType = sourcecode.c.objc; path = NWIOTransformTesting.m; sourceTree = "<group>"; };
		D7343A0B14746C390092A23A /* NWIOZcodeTest.h */ = {isa = PBXFileReference; fileEncoding = 4; lastKnownFileType = sourcecode.c.h; path = NWIOZcodeTest.h; sourceTree = "<group>"; };
		D7343A0C14746C390092A23A /* NWIOZcodeTest.m */ = {isa = PBXFileReference; fileEncoding = 4; lastKnownFileType = sourcecode.c.objc; path = NWIOZcodeTest.m; sourceTree = "<group>"; };
		D75A3BC91472B95B00DA0DF9 /* NWIO.app */ = {isa = PBXFileReference; explicitFileType = wrapper.application; includeInIndex = 0; path = NWIO.app; sourceTree = BUILT_PRODUCTS_DIR; };
		D75A3BCD1472B95B00DA0DF9 /* UIKit.framework */ = {isa = PBXFileReference; lastKnownFileType = wrapper.framework; name = UIKit.framework; path = System/Library/Frameworks/UIKit.framework; sourceTree = SDKROOT; };
		D75A3BCF1472B95B00DA0DF9 /* Foundation.framework */ = {isa = PBXFileReference; lastKnownFileType = wrapper.framework; name = Foundation.framework; path = System/Library/Frameworks/Foundation.framework; sourceTree = SDKROOT; };
		D75A3BD11472B95B00DA0DF9 /* CoreGraphics.framework */ = {isa = PBXFileReference; lastKnownFileType = wrapper.framework; name = CoreGraphics.framework; path = System/Library/Frameworks/CoreGraphics.framework; sourceTree = SDKROOT; };
		D75A3BED1472B95B00DA0DF9 /* NWIOTests.octest */ = {isa = PBXFileReference; explicitFileType = wrapper.cfbundle; includeInIndex = 0; path = NWIOTests.octest; sourceTree = BUILT_PRODUCTS_DIR; };
		D75A3BEE1472B95B00DA0DF9 /* SenTestingKit.framework */ = {isa = PBXFileReference; lastKnownFileType = wrapper.framework; name = SenTestingKit.framework; path = Library/Frameworks/SenTestingKit.framework; sourceTree = DEVELOPER_DIR; };
		D799A3BF1472BAE00036DB1F /* libz.dylib */ = {isa = PBXFileReference; lastKnownFileType = "compiled.mach-o.dylib"; name = libz.dylib; path = usr/lib/libz.dylib; sourceTree = SDKROOT; };
		D7FD4222148BDE4C00838259 /* NWIOBase64.h */ = {isa = PBXFileReference; fileEncoding = 4; lastKnownFileType = sourcecode.c.h; path = NWIOBase64.h; sourceTree = "<group>"; };
		D7FD4223148BDE4C00838259 /* NWIOBase64.m */ = {isa = PBXFileReference; fileEncoding = 4; lastKnownFileType = sourcecode.c.objc; path = NWIOBase64.m; sourceTree = "<group>"; };
/* End PBXFileReference section */

/* Begin PBXFrameworksBuildPhase section */
		D75A3BC61472B95B00DA0DF9 /* Frameworks */ = {
			isa = PBXFrameworksBuildPhase;
			buildActionMask = 2147483647;
			files = (
				D799A3C01472BAE00036DB1F /* libz.dylib in Frameworks */,
				D75A3BCE1472B95B00DA0DF9 /* UIKit.framework in Frameworks */,
				D75A3BD01472B95B00DA0DF9 /* Foundation.framework in Frameworks */,
				D75A3BD21472B95B00DA0DF9 /* CoreGraphics.framework in Frameworks */,
			);
			runOnlyForDeploymentPostprocessing = 0;
		};
		D75A3BE91472B95B00DA0DF9 /* Frameworks */ = {
			isa = PBXFrameworksBuildPhase;
			buildActionMask = 2147483647;
			files = (
				D799A3C11472BBD60036DB1F /* CoreGraphics.framework in Frameworks */,
				D75A3BEF1472B95B00DA0DF9 /* SenTestingKit.framework in Frameworks */,
				D75A3BF01472B95B00DA0DF9 /* UIKit.framework in Frameworks */,
				D75A3BF11472B95B00DA0DF9 /* Foundation.framework in Frameworks */,
			);
			runOnlyForDeploymentPostprocessing = 0;
		};
/* End PBXFrameworksBuildPhase section */

/* Begin PBXGroup section */
		D71A4F2B1476E231004B3AB3 /* Tools */ = {
			isa = PBXGroup;
			children = (
				D71A4F2C1476E231004B3AB3 /* NWIOTestTools.h */,
				D71A4F2D1476E231004B3AB3 /* NWIOTestTools.m */,
			);
			path = Tools;
			sourceTree = "<group>";
		};
		D734394114746C2F0092A23A /* Demo */ = {
			isa = PBXGroup;
			children = (
				D734394214746C2F0092A23A /* Demos */,
				D734395F14746C2F0092A23A /* UI */,
				D734395C14746C2F0092A23A /* NWIOAppDelegate.h */,
				D734395D14746C2F0092A23A /* NWIOAppDelegate.m */,
				D734395E14746C2F0092A23A /* NWIODemo-Info.plist */,
				D734395B14746C2F0092A23A /* main.m */,
			);
			path = Demo;
			sourceTree = "<group>";
		};
		D734394214746C2F0092A23A /* Demos */ = {
			isa = PBXGroup;
			children = (
				D7068085149660A2005A6791 /* NWIOBase64Demo.h */,
				D7068086149660A2005A6791 /* NWIOBase64Demo.m */,
				D734394314746C2F0092A23A /* NWIOCaseFlipperDemo.h */,
				D734394414746C2F0092A23A /* NWIOCaseFlipperDemo.m */,
				D734394514746C2F0092A23A /* NWIOConsoleDemo.h */,
				D734394614746C2F0092A23A /* NWIOConsoleDemo.m */,
				D734394714746C2F0092A23A /* NWIOCounterDemo.h */,
				D734394814746C2F0092A23A /* NWIOCounterDemo.m */,
				D734394914746C2F0092A23A /* NWIOCryptoDemo.h */,
				D734394A14746C2F0092A23A /* NWIOCryptoDemo.m */,
				D734394B14746C2F0092A23A /* NWIODeflateDemo.h */,
				D734394C14746C2F0092A23A /* NWIODeflateDemo.m */,
				D734394D14746C2F0092A23A /* NWIODigestDemo.h */,
				D734394E14746C2F0092A23A /* NWIODigestDemo.m */,
				D734394F14746C2F0092A23A /* NWIOEmptyDemo.h */,
				D734395014746C2F0092A23A /* NWIOEmptyDemo.m */,
				D734395114746C2F0092A23A /* NWIOHcodeDemo.h */,
				D734395214746C2F0092A23A /* NWIOHcodeDemo.m */,
				D734395314746C2F0092A23A /* NWIOLogDemo.h */,
				D734395414746C2F0092A23A /* NWIOLogDemo.m */,
				D734395514746C2F0092A23A /* NWIOMultipartDemo.h */,
				D734395614746C2F0092A23A /* NWIOMultipartDemo.m */,
				D734395714746C2F0092A23A /* NWIORandomDemo.h */,
				D734395814746C2F0092A23A /* NWIORandomDemo.m */,
				D734395914746C2F0092A23A /* NWIOZcodeDemo.h */,
				D734395A14746C2F0092A23A /* NWIOZcodeDemo.m */,
			);
			path = Demos;
			sourceTree = "<group>";
		};
		D734395F14746C2F0092A23A /* UI */ = {
			isa = PBXGroup;
			children = (
				D734396014746C2F0092A23A /* NWIOConsole.h */,
				D734396114746C2F0092A23A /* NWIOConsole.m */,
				D734396214746C2F0092A23A /* NWIODemo.h */,
				D734396314746C2F0092A23A /* NWIODemo.m */,
				D734396414746C2F0092A23A /* NWIODemoViewController.h */,
				D734396514746C2F0092A23A /* NWIODemoViewController.m */,
				D734396614746C2F0092A23A /* NWIODemoViewController.xib */,
				D734396714746C2F0092A23A /* NWIOMenuViewController.h */,
				D734396814746C2F0092A23A /* NWIOMenuViewController.m */,
				D734396914746C2F0092A23A /* NWIOMenuViewController.xib */,
			);
			path = UI;
			sourceTree = "<group>";
		};
		D734396A14746C2F0092A23A /* Library */ = {
			isa = PBXGroup;
			children = (
				D734399114746C2F0092A23A /* NWIO.h */,
				D734396B14746C2F0092A23A /* Core */,
				D734397814746C2F0092A23A /* External */,
				D734397B14746C2F0092A23A /* Extracts */,
				D734398014746C2F0092A23A /* Filters */,
				D734399214746C2F0092A23A /* Sources */,
				D73439A114746C2F0092A23A /* Tools */,
				D73439A614746C2F0092A23A /* Transforms */,
			);
			path = Library;
			sourceTree = "<group>";
		};
		D734396B14746C2F0092A23A /* Core */ = {
			isa = PBXGroup;
			children = (
				D734396C14746C2F0092A23A /* NWIOAccess.h */,
				D734396D14746C2F0092A23A /* NWIOAccess.m */,
				D734396E14746C2F0092A23A /* NWIOBase.h */,
				D734396F14746C2F0092A23A /* NWIOBase.m */,
				D734397014746C2F0092A23A /* NWIOExtract.h */,
				D734397114746C2F0092A23A /* NWIOExtract.m */,
				D734397214746C2F0092A23A /* NWIOFilter.h */,
				D734397314746C2F0092A23A /* NWIOFilter.m */,
				D734397414746C2F0092A23A /* NWIOStream.h */,
				D734397514746C2F0092A23A /* NWIOStream.m */,
				D734397614746C2F0092A23A /* NWIOTransform.h */,
				D734397714746C2F0092A23A /* NWIOTransform.m */,
			);
			path = Core;
			sourceTree = "<group>";
		};
		D734397814746C2F0092A23A /* External */ = {
			isa = PBXGroup;
			children = (
				D734397914746C2F0092A23A /* NWIOBio.h */,
				D734397A14746C2F0092A23A /* NWIOBio.m */,
			);
			path = External;
			sourceTree = "<group>";
		};
		D734397B14746C2F0092A23A /* Extracts */ = {
			isa = PBXGroup;
			children = (
				D734397C14746C2F0092A23A /* NWIOCounter.h */,
				D734397D14746C2F0092A23A /* NWIOCounter.m */,
				D734397E14746C2F0092A23A /* NWIODigest.h */,
				D734397F14746C2F0092A23A /* NWIODigest.m */,
			);
			path = Extracts;
			sourceTree = "<group>";
		};
		D734398014746C2F0092A23A /* Filters */ = {
			isa = PBXGroup;
			children = (
				D734398114746C2F0092A23A /* NWIOChain.h */,
				D734398214746C2F0092A23A /* NWIOChain.m */,
				D734398314746C2F0092A23A /* NWIOConnectionDelegate.h */,
				D734398414746C2F0092A23A /* NWIOConnectionDelegate.m */,
				D734398514746C2F0092A23A /* NWIODropper.h */,
				D734398614746C2F0092A23A /* NWIODropper.m */,
				D734398714746C2F0092A23A /* NWIOIdentity.h */,
				D734398814746C2F0092A23A /* NWIOIdentity.m */,
				D734398914746C2F0092A23A /* NWIOLog.h */,
				D734398A14746C2F0092A23A /* NWIOLog.m */,
				D734398B14746C2F0092A23A /* NWIOMultipart.h */,
				D734398C14746C2F0092A23A /* NWIOMultipart.m */,
				D734398D14746C2F0092A23A /* NWIOProgress.h */,
				D734398E14746C2F0092A23A /* NWIOProgress.m */,
				D734398F14746C2F0092A23A /* NWIOStat.h */,
				D734399014746C2F0092A23A /* NWIOStat.m */,
			);
			path = Filters;
			sourceTree = "<group>";
		};
		D734399214746C2F0092A23A /* Sources */ = {
			isa = PBXGroup;
			children = (
				D734399314746C2F0092A23A /* NWIOCGData.h */,
				D734399414746C2F0092A23A /* NWIOCGData.m */,
				D734399514746C2F0092A23A /* NWIOConstant.h */,
				D734399614746C2F0092A23A /* NWIOConstant.m */,
				D734399714746C2F0092A23A /* NWIOData.h */,
				D734399814746C2F0092A23A /* NWIOData.m */,
				D734399914746C2F0092A23A /* NWIONSStream.h */,
				D734399A14746C2F0092A23A /* NWIONSStream.m */,
				D734399B14746C2F0092A23A /* NWIORandom.h */,
				D734399C14746C2F0092A23A /* NWIORandom.m */,
				D734399D14746C2F0092A23A /* NWIOStitch.h */,
				D734399E14746C2F0092A23A /* NWIOStitch.m */,
				D734399F14746C2F0092A23A /* NWIOString.h */,
				D73439A014746C2F0092A23A /* NWIOString.m */,
			);
			path = Sources;
			sourceTree = "<group>";
		};
		D73439A114746C2F0092A23A /* Tools */ = {
			isa = PBXGroup;
			children = (
				D73439A214746C2F0092A23A /* NWIOConvenience.h */,
				D73439A314746C2F0092A23A /* NWIOConvenience.m */,
				D73439A414746C2F0092A23A /* NWIODrain.h */,
				D73439A514746C2F0092A23A /* NWIODrain.m */,
			);
			path = Tools;
			sourceTree = "<group>";
		};
		D73439A614746C2F0092A23A /* Transforms */ = {
			isa = PBXGroup;
			children = (
				D7FD4222148BDE4C00838259 /* NWIOBase64.h */,
				D7FD4223148BDE4C00838259 /* NWIOBase64.m */,
				D73439A714746C2F0092A23A /* NWIOCaseFlipper.h */,
				D73439A814746C2F0092A23A /* NWIOCaseFlipper.m */,
				D73439A914746C2F0092A23A /* NWIOCrypto.h */,
				D73439AA14746C2F0092A23A /* NWIOCrypto.m */,
				D73439AB14746C2F0092A23A /* NWIODeflate.h */,
				D73439AC14746C2F0092A23A /* NWIODeflate.m */,
				D73439AD14746C2F0092A23A /* NWIOHcode.h */,
				D73439AE14746C2F0092A23A /* NWIOHcode.m */,
				D73439AF14746C2F0092A23A /* NWIOZcode.h */,
				D73439B014746C2F0092A23A /* NWIOZcode.m */,
			);
			path = Transforms;
			sourceTree = "<group>";
		};
		D73439E514746C390092A23A /* Test */ = {
			isa = PBXGroup;
			children = (
				D73439E614746C390092A23A /* Integrated */,
				D73439EE14746C390092A23A /* Resources */,
				D73439F214746C390092A23A /* Unit */,
				D73439ED14746C390092A23A /* NWIOTests-Info.plist */,
			);
			path = Test;
			sourceTree = "<group>";
		};
		D73439E614746C390092A23A /* Integrated */ = {
			isa = PBXGroup;
			children = (
				D73439E714746C390092A23A /* NWIOBidirectionalTest.h */,
				D73439E814746C390092A23A /* NWIOBidirectionalTest.m */,
				D73439E914746C390092A23A /* NWIOIdentityTest.h */,
				D73439EA14746C390092A23A /* NWIOIdentityTest.m */,
				D73439EB14746C390092A23A /* NWIOTestData.h */,
				D73439EC14746C390092A23A /* NWIOTestData.m */,
			);
			path = Integrated;
			sourceTree = "<group>";
		};
		D73439EE14746C390092A23A /* Resources */ = {
			isa = PBXGroup;
			children = (
				D73439EF14746C390092A23A /* test.pdf */,
				D73439F014746C390092A23A /* test.pdf.crypto */,
				D73439F114746C390092A23A /* test.pdf.deflate */,
			);
			path = Resources;
			sourceTree = "<group>";
		};
		D73439F214746C390092A23A /* Unit */ = {
			isa = PBXGroup;
			children = (
				D73439F314746C390092A23A /* Extractors */,
				D73439F814746C390092A23A /* Filters */,
				D73439FB14746C390092A23A /* Sources */,
				D71A4F2B1476E231004B3AB3 /* Tools */,
				D7343A0214746C390092A23A /* Transforms */,
			);
			path = Unit;
			sourceTree = "<group>";
		};
		D73439F314746C390092A23A /* Extractors */ = {
			isa = PBXGroup;
			children = (
				D73439F414746C390092A23A /* NWIOCounterTest.h */,
				D73439F514746C390092A23A /* NWIOCounterTest.m */,
				D73439F614746C390092A23A /* NWIODigestTest.h */,
				D73439F714746C390092A23A /* NWIODigestTest.m */,
			);
			path = Extractors;
			sourceTree = "<group>";
		};
		D73439F814746C390092A23A /* Filters */ = {
			isa = PBXGroup;
			children = (
				D73439F914746C390092A23A /* NWIODropperTest.h */,
				D73439FA14746C390092A23A /* NWIODropperTest.m */,
			);
			path = Filters;
			sourceTree = "<group>";
		};
		D73439FB14746C390092A23A /* Sources */ = {
			isa = PBXGroup;
			children = (
				D73439FC14746C390092A23A /* NWIOCGDataTest.h */,
				D73439FD14746C390092A23A /* NWIOCGDataTest.m */,
				D73439FE14746C390092A23A /* NWIOConstantTest.h */,
				D73439FF14746C390092A23A /* NWIOConstantTest.m */,
				D7343A0014746C390092A23A /* NWIOStitchTest.h */,
				D7343A0114746C390092A23A /* NWIOStitchTest.m */,
			);
			path = Sources;
			sourceTree = "<group>";
		};
		D7343A0214746C390092A23A /* Transforms */ = {
			isa = PBXGroup;
			children = (
				D70680891496637A005A6791 /* NWIOBase64Test.h */,
				D706808A1496637A005A6791 /* NWIOBase64Test.m */,
				D7343A0314746C390092A23A /* NWIOCaseFlipperTest.h */,
				D7343A0414746C390092A23A /* NWIOCaseFlipperTest.m */,
				D7343A0514746C390092A23A /* NWIODeflateTest.h */,
				D7343A0614746C390092A23A /* NWIODeflateTest.m */,
				D7343A0714746C390092A23A /* NWIOHcodeTest.h */,
				D7343A0814746C390092A23A /* NWIOHcodeTest.m */,
				D7343A0914746C390092A23A /* NWIOTransformTesting.h */,
				D7343A0A14746C390092A23A /* NWIOTransformTesting.m */,
				D7343A0B14746C390092A23A /* NWIOZcodeTest.h */,
				D7343A0C14746C390092A23A /* NWIOZcodeTest.m */,
			);
			path = Transforms;
			sourceTree = "<group>";
		};
		D75A3BBE1472B95B00DA0DF9 = {
			isa = PBXGroup;
			children = (
				D734394114746C2F0092A23A /* Demo */,
				D734396A14746C2F0092A23A /* Library */,
				D73439E514746C390092A23A /* Test */,
				D75A3BCC1472B95B00DA0DF9 /* Frameworks */,
				D75A3BCA1472B95B00DA0DF9 /* Products */,
			);
			sourceTree = "<group>";
		};
		D75A3BCA1472B95B00DA0DF9 /* Products */ = {
			isa = PBXGroup;
			children = (
				D75A3BC91472B95B00DA0DF9 /* NWIO.app */,
				D75A3BED1472B95B00DA0DF9 /* NWIOTests.octest */,
			);
			name = Products;
			sourceTree = "<group>";
		};
		D75A3BCC1472B95B00DA0DF9 /* Frameworks */ = {
			isa = PBXGroup;
			children = (
				D799A3BF1472BAE00036DB1F /* libz.dylib */,
				D75A3BCD1472B95B00DA0DF9 /* UIKit.framework */,
				D75A3BCF1472B95B00DA0DF9 /* Foundation.framework */,
				D75A3BD11472B95B00DA0DF9 /* CoreGraphics.framework */,
				D75A3BEE1472B95B00DA0DF9 /* SenTestingKit.framework */,
			);
			name = Frameworks;
			sourceTree = "<group>";
		};
/* End PBXGroup section */

/* Begin PBXNativeTarget section */
		D75A3BC81472B95B00DA0DF9 /* NWIO */ = {
			isa = PBXNativeTarget;
			buildConfigurationList = D75A3BFF1472B95B00DA0DF9 /* Build configuration list for PBXNativeTarget "NWIO" */;
			buildPhases = (
				D75A3BC51472B95B00DA0DF9 /* Sources */,
				D75A3BC61472B95B00DA0DF9 /* Frameworks */,
				D75A3BC71472B95B00DA0DF9 /* Resources */,
			);
			buildRules = (
			);
			dependencies = (
			);
			name = NWIO;
			productName = NWIO;
			productReference = D75A3BC91472B95B00DA0DF9 /* NWIO.app */;
			productType = "com.apple.product-type.application";
		};
		D75A3BEC1472B95B00DA0DF9 /* NWIOTests */ = {
			isa = PBXNativeTarget;
			buildConfigurationList = D75A3C021472B95B00DA0DF9 /* Build configuration list for PBXNativeTarget "NWIOTests" */;
			buildPhases = (
				D75A3BE81472B95B00DA0DF9 /* Sources */,
				D75A3BE91472B95B00DA0DF9 /* Frameworks */,
				D75A3BEA1472B95B00DA0DF9 /* Resources */,
				D75A3BEB1472B95B00DA0DF9 /* ShellScript */,
			);
			buildRules = (
			);
			dependencies = (
				D75A3BF31472B95B00DA0DF9 /* PBXTargetDependency */,
			);
			name = NWIOTests;
			productName = NWIOTests;
			productReference = D75A3BED1472B95B00DA0DF9 /* NWIOTests.octest */;
			productType = "com.apple.product-type.bundle";
		};
/* End PBXNativeTarget section */

/* Begin PBXProject section */
		D75A3BC01472B95B00DA0DF9 /* Project object */ = {
			isa = PBXProject;
			attributes = {
				LastUpgradeCheck = 0420;
			};
			buildConfigurationList = D75A3BC31472B95B00DA0DF9 /* Build configuration list for PBXProject "NWIO" */;
			compatibilityVersion = "Xcode 3.2";
			developmentRegion = English;
			hasScannedForEncodings = 0;
			knownRegions = (
				en,
			);
			mainGroup = D75A3BBE1472B95B00DA0DF9;
			productRefGroup = D75A3BCA1472B95B00DA0DF9 /* Products */;
			projectDirPath = "";
			projectRoot = "";
			targets = (
				D75A3BC81472B95B00DA0DF9 /* NWIO */,
				D75A3BEC1472B95B00DA0DF9 /* NWIOTests */,
			);
		};
/* End PBXProject section */

/* Begin PBXResourcesBuildPhase section */
		D75A3BC71472B95B00DA0DF9 /* Resources */ = {
			isa = PBXResourcesBuildPhase;
			buildActionMask = 2147483647;
			files = (
				D73439C314746C2F0092A23A /* NWIODemoViewController.xib in Resources */,
				D73439C514746C2F0092A23A /* NWIOMenuViewController.xib in Resources */,
			);
			runOnlyForDeploymentPostprocessing = 0;
		};
		D75A3BEA1472B95B00DA0DF9 /* Resources */ = {
			isa = PBXResourcesBuildPhase;
			buildActionMask = 2147483647;
			files = (
				D7343A1114746C390092A23A /* test.pdf in Resources */,
				D7343A1214746C390092A23A /* test.pdf.crypto in Resources */,
				D7343A1314746C390092A23A /* test.pdf.deflate in Resources */,
			);
			runOnlyForDeploymentPostprocessing = 0;
		};
/* End PBXResourcesBuildPhase section */

/* Begin PBXShellScriptBuildPhase section */
		D75A3BEB1472B95B00DA0DF9 /* ShellScript */ = {
			isa = PBXShellScriptBuildPhase;
			buildActionMask = 2147483647;
			files = (
			);
			inputPaths = (
			);
			outputPaths = (
			);
			runOnlyForDeploymentPostprocessing = 0;
			shellPath = /bin/sh;
			shellScript = "# Run the unit tests in this test bundle.\n\"${SYSTEM_DEVELOPER_DIR}/Tools/RunUnitTests\"\n";
		};
/* End PBXShellScriptBuildPhase section */

/* Begin PBXSourcesBuildPhase section */
		D75A3BC51472B95B00DA0DF9 /* Sources */ = {
			isa = PBXSourcesBuildPhase;
			buildActionMask = 2147483647;
			files = (
				D73439B114746C2F0092A23A /* NWIOCaseFlipperDemo.m in Sources */,
				D73439B214746C2F0092A23A /* NWIOConsoleDemo.m in Sources */,
				D73439B314746C2F0092A23A /* NWIOCounterDemo.m in Sources */,
				D73439B414746C2F0092A23A /* NWIOCryptoDemo.m in Sources */,
				D73439B514746C2F0092A23A /* NWIODeflateDemo.m in Sources */,
				D73439B614746C2F0092A23A /* NWIODigestDemo.m in Sources */,
				D73439B714746C2F0092A23A /* NWIOEmptyDemo.m in Sources */,
				D73439B814746C2F0092A23A /* NWIOHcodeDemo.m in Sources */,
				D73439B914746C2F0092A23A /* NWIOLogDemo.m in Sources */,
				D73439BA14746C2F0092A23A /* NWIOMultipartDemo.m in Sources */,
				D73439BB14746C2F0092A23A /* NWIORandomDemo.m in Sources */,
				D73439BC14746C2F0092A23A /* NWIOZcodeDemo.m in Sources */,
				D73439BD14746C2F0092A23A /* main.m in Sources */,
				D73439BE14746C2F0092A23A /* NWIOAppDelegate.m in Sources */,
				D73439C014746C2F0092A23A /* NWIOConsole.m in Sources */,
				D73439C114746C2F0092A23A /* NWIODemo.m in Sources */,
				D73439C214746C2F0092A23A /* NWIODemoViewController.m in Sources */,
				D73439C414746C2F0092A23A /* NWIOMenuViewController.m in Sources */,
				D73439C614746C2F0092A23A /* NWIOAccess.m in Sources */,
				D73439C714746C2F0092A23A /* NWIOBase.m in Sources */,
				D73439C814746C2F0092A23A /* NWIOExtract.m in Sources */,
				D73439C914746C2F0092A23A /* NWIOFilter.m in Sources */,
				D73439CA14746C2F0092A23A /* NWIOStream.m in Sources */,
				D73439CB14746C2F0092A23A /* NWIOTransform.m in Sources */,
				D73439CD14746C2F0092A23A /* NWIOCounter.m in Sources */,
				D73439CE14746C2F0092A23A /* NWIODigest.m in Sources */,
				D73439CF14746C2F0092A23A /* NWIOChain.m in Sources */,
				D73439D014746C2F0092A23A /* NWIOConnectionDelegate.m in Sources */,
				D73439D114746C2F0092A23A /* NWIODropper.m in Sources */,
				D73439D214746C2F0092A23A /* NWIOIdentity.m in Sources */,
				D73439D314746C2F0092A23A /* NWIOLog.m in Sources */,
				D73439D414746C2F0092A23A /* NWIOMultipart.m in Sources */,
				D73439D514746C2F0092A23A /* NWIOProgress.m in Sources */,
				D73439D614746C2F0092A23A /* NWIOStat.m in Sources */,
				D73439D714746C2F0092A23A /* NWIOCGData.m in Sources */,
				D73439D814746C2F0092A23A /* NWIOConstant.m in Sources */,
				D73439D914746C2F0092A23A /* NWIOData.m in Sources */,
				D73439DA14746C2F0092A23A /* NWIONSStream.m in Sources */,
				D73439DB14746C2F0092A23A /* NWIORandom.m in Sources */,
				D73439DC14746C2F0092A23A /* NWIOStitch.m in Sources */,
				D73439DD14746C2F0092A23A /* NWIOString.m in Sources */,
				D73439DE14746C2F0092A23A /* NWIOConvenience.m in Sources */,
				D73439DF14746C2F0092A23A /* NWIODrain.m in Sources */,
				D73439E014746C2F0092A23A /* NWIOCaseFlipper.m in Sources */,
				D73439E114746C2F0092A23A /* NWIOCrypto.m in Sources */,
				D73439E214746C2F0092A23A /* NWIODeflate.m in Sources */,
				D73439E314746C2F0092A23A /* NWIOHcode.m in Sources */,
				D73439E414746C2F0092A23A /* NWIOZcode.m in Sources */,
				D7FD4224148BDE4C00838259 /* NWIOBase64.m in Sources */,
				D7068087149660A2005A6791 /* NWIOBase64Demo.m in Sources */,
			);
			runOnlyForDeploymentPostprocessing = 0;
		};
		D75A3BE81472B95B00DA0DF9 /* Sources */ = {
			isa = PBXSourcesBuildPhase;
			buildActionMask = 2147483647;
			files = (
				D7343A0D14746C390092A23A /* NWIOBidirectionalTest.m in Sources */,
				D7343A0E14746C390092A23A /* NWIOIdentityTest.m in Sources */,
				D7343A0F14746C390092A23A /* NWIOTestData.m in Sources */,
				D7343A1414746C390092A23A /* NWIOCounterTest.m in Sources */,
				D7343A1514746C390092A23A /* NWIODigestTest.m in Sources */,
				D7343A1614746C390092A23A /* NWIODropperTest.m in Sources */,
				D7343A1714746C390092A23A /* NWIOCGDataTest.m in Sources */,
				D7343A1914746C390092A23A /* NWIOStitchTest.m in Sources */,
				D7343A1A14746C390092A23A /* NWIOCaseFlipperTest.m in Sources */,
				D7343A1C14746C390092A23A /* NWIOHcodeTest.m in Sources */,
				D7343A1D14746C390092A23A /* NWIOTransformTesting.m in Sources */,
				D7343A1E14746C390092A23A /* NWIOZcodeTest.m in Sources */,
				D71A4F301476E4D6004B3AB3 /* NWIODeflateTest.m in Sources */,
				D71A4F311476ECE3004B3AB3 /* NWIOConstantTest.m in Sources */,
				D72C688B1496804000B79107 /* NWIOTestTools.m in Sources */,
				D7D5C5FB14975B4E00E0028F /* NWIOBase64Test.m in Sources */,
			);
			runOnlyForDeploymentPostprocessing = 0;
		};
/* End PBXSourcesBuildPhase section */

/* Begin PBXTargetDependency section */
		D75A3BF31472B95B00DA0DF9 /* PBXTargetDependency */ = {
			isa = PBXTargetDependency;
			target = D75A3BC81472B95B00DA0DF9 /* NWIO */;
			targetProxy = D75A3BF21472B95B00DA0DF9 /* PBXContainerItemProxy */;
		};
/* End PBXTargetDependency section */

/* Begin XCBuildConfiguration section */
		D75A3BFD1472B95B00DA0DF9 /* Debug */ = {
			isa = XCBuildConfiguration;
			buildSettings = {
				ALWAYS_SEARCH_USER_PATHS = NO;
				ARCHS = "$(ARCHS_STANDARD_32_BIT)";
				CLANG_ENABLE_OBJC_ARC = YES;
				"CODE_SIGN_IDENTITY[sdk=iphoneos*]" = "iPhone Developer";
				COPY_PHASE_STRIP = NO;
				GCC_C_LANGUAGE_STANDARD = gnu99;
				GCC_DYNAMIC_NO_PIC = NO;
				GCC_OPTIMIZATION_LEVEL = 0;
				GCC_PREPROCESSOR_DEFINITIONS = (
					"DEBUG=1",
					"$(inherited)",
				);
				GCC_SYMBOLS_PRIVATE_EXTERN = NO;
				GCC_VERSION = com.apple.compilers.llvm.clang.1_0;
				GCC_WARN_ABOUT_MISSING_PROTOTYPES = YES;
				GCC_WARN_ABOUT_RETURN_TYPE = YES;
				GCC_WARN_UNUSED_VARIABLE = YES;
				IPHONEOS_DEPLOYMENT_TARGET = 5.0;
				SDKROOT = iphoneos;
				TARGETED_DEVICE_FAMILY = "1,2";
			};
			name = Debug;
		};
		D75A3BFE1472B95B00DA0DF9 /* Release */ = {
			isa = XCBuildConfiguration;
			buildSettings = {
				ALWAYS_SEARCH_USER_PATHS = NO;
				ARCHS = "$(ARCHS_STANDARD_32_BIT)";
				CLANG_ENABLE_OBJC_ARC = YES;
				"CODE_SIGN_IDENTITY[sdk=iphoneos*]" = "iPhone Developer";
				COPY_PHASE_STRIP = YES;
				GCC_C_LANGUAGE_STANDARD = gnu99;
				GCC_VERSION = com.apple.compilers.llvm.clang.1_0;
				GCC_WARN_ABOUT_MISSING_PROTOTYPES = YES;
				GCC_WARN_ABOUT_RETURN_TYPE = YES;
				GCC_WARN_UNUSED_VARIABLE = YES;
				IPHONEOS_DEPLOYMENT_TARGET = 5.0;
				OTHER_CFLAGS = "-DNS_BLOCK_ASSERTIONS=1";
				SDKROOT = iphoneos;
				TARGETED_DEVICE_FAMILY = "1,2";
				VALIDATE_PRODUCT = YES;
			};
			name = Release;
		};
		D75A3C001472B95B00DA0DF9 /* Debug */ = {
			isa = XCBuildConfiguration;
			buildSettings = {
				GCC_PRECOMPILE_PREFIX_HEADER = YES;
				INFOPLIST_FILE = "Demo/NWIODemo-Info.plist";
				PRODUCT_NAME = "$(TARGET_NAME)";
				WRAPPER_EXTENSION = app;
			};
			name = Debug;
		};
		D75A3C011472B95B00DA0DF9 /* Release */ = {
			isa = XCBuildConfiguration;
			buildSettings = {
				GCC_PRECOMPILE_PREFIX_HEADER = YES;
				INFOPLIST_FILE = "Demo/NWIODemo-Info.plist";
				PRODUCT_NAME = "$(TARGET_NAME)";
				WRAPPER_EXTENSION = app;
			};
			name = Release;
		};
		D75A3C031472B95B00DA0DF9 /* Debug */ = {
			isa = XCBuildConfiguration;
			buildSettings = {
				BUNDLE_LOADER = "$(BUILT_PRODUCTS_DIR)/NWIO.app/NWIO";
				FRAMEWORK_SEARCH_PATHS = (
					"$(SDKROOT)/Developer/Library/Frameworks",
					"$(DEVELOPER_LIBRARY_DIR)/Frameworks",
				);
				GCC_PRECOMPILE_PREFIX_HEADER = YES;
				INFOPLIST_FILE = "Test/NWIOTests-Info.plist";
				PRODUCT_NAME = "$(TARGET_NAME)";
				TEST_HOST = "$(BUNDLE_LOADER)";
				WRAPPER_EXTENSION = octest;
			};
			name = Debug;
		};
		D75A3C041472B95B00DA0DF9 /* Release */ = {
			isa = XCBuildConfiguration;
			buildSettings = {
				BUNDLE_LOADER = "$(BUILT_PRODUCTS_DIR)/NWIO.app/NWIO";
				FRAMEWORK_SEARCH_PATHS = (
					"$(SDKROOT)/Developer/Library/Frameworks",
					"$(DEVELOPER_LIBRARY_DIR)/Frameworks",
				);
				GCC_PRECOMPILE_PREFIX_HEADER = YES;
				INFOPLIST_FILE = "Test/NWIOTests-Info.plist";
				PRODUCT_NAME = "$(TARGET_NAME)";
				TEST_HOST = "$(BUNDLE_LOADER)";
				WRAPPER_EXTENSION = octest;
			};
			name = Release;
		};
/* End XCBuildConfiguration section */

/* Begin XCConfigurationList section */
		D75A3BC31472B95B00DA0DF9 /* Build configuration list for PBXProject "NWIO" */ = {
			isa = XCConfigurationList;
			buildConfigurations = (
				D75A3BFD1472B95B00DA0DF9 /* Debug */,
				D75A3BFE1472B95B00DA0DF9 /* Release */,
			);
			defaultConfigurationIsVisible = 0;
			defaultConfigurationName = Release;
		};
		D75A3BFF1472B95B00DA0DF9 /* Build configuration list for PBXNativeTarget "NWIO" */ = {
			isa = XCConfigurationList;
			buildConfigurations = (
				D75A3C001472B95B00DA0DF9 /* Debug */,
				D75A3C011472B95B00DA0DF9 /* Release */,
			);
			defaultConfigurationIsVisible = 0;
			defaultConfigurationName = Release;
		};
		D75A3C021472B95B00DA0DF9 /* Build configuration list for PBXNativeTarget "NWIOTests" */ = {
			isa = XCConfigurationList;
			buildConfigurations = (
				D75A3C031472B95B00DA0DF9 /* Debug */,
				D75A3C041472B95B00DA0DF9 /* Release */,
			);
			defaultConfigurationIsVisible = 0;
			defaultConfigurationName = Release;
		};
/* End XCConfigurationList section */
	};
	rootObject = D75A3BC01472B95B00DA0DF9 /* Project object */;
}
